
Microsoft Visual Studio Solution File, Format Version 12.00
# Visual Studio Version 17
VisualStudioVersion = 17.7.34031.279
MinimumVisualStudioVersion = 10.0.40219.1
Project("{9A19103F-16F7-4668-BE54-9A1E7A4F7556}") = "MohamedRemi-Test", "MohamedRemi-Test.csproj", "{50B34D9E-1E44-4864-A7AD-6371511A3F27}"
EndProject
Project("{FAE04EC0-301F-11D3-BF4B-00C04F79EFBC}") = "Test_Unitaire_Back", "..\Test_Unitaire_Back\Test_Unitaire_Back.csproj", "{2FFBC424-B474-45A0-965F-E1856F46C0D9}"
EndProject
Global
	GlobalSection(SolutionConfigurationPlatforms) = preSolution
		Debug|Any CPU = Debug|Any CPU
		Release|Any CPU = Release|Any CPU
	EndGlobalSection
	GlobalSection(ProjectConfigurationPlatforms) = postSolution
		{50B34D9E-1E44-4864-A7AD-6371511A3F27}.Debug|Any CPU.ActiveCfg = Debug|Any CPU
		{50B34D9E-1E44-4864-A7AD-6371511A3F27}.Debug|Any CPU.Build.0 = Debug|Any CPU
		{50B34D9E-1E44-4864-A7AD-6371511A3F27}.Release|Any CPU.ActiveCfg = Release|Any CPU
		{50B34D9E-1E44-4864-A7AD-6371511A3F27}.Release|Any CPU.Build.0 = Release|Any CPU
		{2FFBC424-B474-45A0-965F-E1856F46C0D9}.Debug|Any CPU.ActiveCfg = Debug|Any CPU
		{2FFBC424-B474-45A0-965F-E1856F46C0D9}.Debug|Any CPU.Build.0 = Debug|Any CPU
		{2FFBC424-B474-45A0-965F-E1856F46C0D9}.Release|Any CPU.ActiveCfg = Release|Any CPU
		{2FFBC424-B474-45A0-965F-E1856F46C0D9}.Release|Any CPU.Build.0 = Release|Any CPU
	EndGlobalSection
	GlobalSection(SolutionProperties) = preSolution
		HideSolutionNode = FALSE
	EndGlobalSection
	GlobalSection(ExtensibilityGlobals) = postSolution
		SolutionGuid = {D22CEAFD-B4F8-43F0-BBF0-8CD04BAD07E2}
	EndGlobalSection
EndGlobal
